
Microsoft Visual Studio Solution File, Format Version 12.00
# Visual Studio Version 17
VisualStudioVersion = 17.3.32929.385
MinimumVisualStudioVersion = 10.0.40219.1
Project("{FAE04EC0-301F-11D3-BF4B-00C04F79EFBC}") = "ValueAtRisk", "ValueAtRisk\ValueAtRisk.csproj", "{746A9FC1-BEDB-4829-9060-4D3662D854E8}"
EndProject
Global
	GlobalSection(SolutionConfigurationPlatforms) = preSolution
		Debug|Any CPU = Debug|Any CPU
		Release|Any CPU = Release|Any CPU
	EndGlobalSection
	GlobalSection(ProjectConfigurationPlatforms) = postSolution
		{746A9FC1-BEDB-4829-9060-4D3662D854E8}.Debug|Any CPU.ActiveCfg = Debug|Any CPU
		{746A9FC1-BEDB-4829-9060-4D3662D854E8}.Debug|Any CPU.Build.0 = Debug|Any CPU
		{746A9FC1-BEDB-4829-9060-4D3662D854E8}.Release|Any CPU.ActiveCfg = Release|Any CPU
		{746A9FC1-BEDB-4829-9060-4D3662D854E8}.Release|Any CPU.Build.0 = Release|Any CPU
	EndGlobalSection
	GlobalSection(SolutionProperties) = preSolution
		HideSolutionNode = FALSE
	EndGlobalSection
	GlobalSection(ExtensibilityGlobals) = postSolution
		SolutionGuid = {581AC90C-9A40-4362-A892-A887C64941E5}
	EndGlobalSection
EndGlobal
