
Microsoft Visual Studio Solution File, Format Version 12.00
# Visual Studio Version 17
VisualStudioVersion = 17.3.32929.385
MinimumVisualStudioVersion = 10.0.40219.1
Project("{FAE04EC0-301F-11D3-BF4B-00C04F79EFBC}") = "MicroSim", "MicroSim\MicroSim.csproj", "{455D7CA4-C685-4876-8C73-CBFC6B2BBB37}"
EndProject
Global
	GlobalSection(SolutionConfigurationPlatforms) = preSolution
		Debug|Any CPU = Debug|Any CPU
		Release|Any CPU = Release|Any CPU
	EndGlobalSection
	GlobalSection(ProjectConfigurationPlatforms) = postSolution
		{455D7CA4-C685-4876-8C73-CBFC6B2BBB37}.Debug|Any CPU.ActiveCfg = Debug|Any CPU
		{455D7CA4-C685-4876-8C73-CBFC6B2BBB37}.Debug|Any CPU.Build.0 = Debug|Any CPU
		{455D7CA4-C685-4876-8C73-CBFC6B2BBB37}.Release|Any CPU.ActiveCfg = Release|Any CPU
		{455D7CA4-C685-4876-8C73-CBFC6B2BBB37}.Release|Any CPU.Build.0 = Release|Any CPU
	EndGlobalSection
	GlobalSection(SolutionProperties) = preSolution
		HideSolutionNode = FALSE
	EndGlobalSection
	GlobalSection(ExtensibilityGlobals) = postSolution
		SolutionGuid = {3A3AB245-D47F-459C-9EC2-924D18A614F0}
	EndGlobalSection
EndGlobal
