
Microsoft Visual Studio Solution File, Format Version 12.00
# Visual Studio Version 17
VisualStudioVersion = 17.3.32929.385
MinimumVisualStudioVersion = 10.0.40219.1
Project("{FAE04EC0-301F-11D3-BF4B-00C04F79EFBC}") = "WebService", "WebService\WebService.csproj", "{8A746EB1-0E17-4735-8E6F-4106BD72CAA2}"
EndProject
Global
	GlobalSection(SolutionConfigurationPlatforms) = preSolution
		Debug|Any CPU = Debug|Any CPU
		Release|Any CPU = Release|Any CPU
	EndGlobalSection
	GlobalSection(ProjectConfigurationPlatforms) = postSolution
		{8A746EB1-0E17-4735-8E6F-4106BD72CAA2}.Debug|Any CPU.ActiveCfg = Debug|Any CPU
		{8A746EB1-0E17-4735-8E6F-4106BD72CAA2}.Debug|Any CPU.Build.0 = Debug|Any CPU
		{8A746EB1-0E17-4735-8E6F-4106BD72CAA2}.Release|Any CPU.ActiveCfg = Release|Any CPU
		{8A746EB1-0E17-4735-8E6F-4106BD72CAA2}.Release|Any CPU.Build.0 = Release|Any CPU
	EndGlobalSection
	GlobalSection(SolutionProperties) = preSolution
		HideSolutionNode = FALSE
	EndGlobalSection
	GlobalSection(ExtensibilityGlobals) = postSolution
		SolutionGuid = {19CE323B-D940-4103-A4BD-716407B80038}
	EndGlobalSection
EndGlobal
